
Microsoft Visual Studio Solution File, Format Version 12.00
# Visual Studio Version 16
VisualStudioVersion = 16.0.29324.140
MinimumVisualStudioVersion = 10.0.40219.1
Project("{FAE04EC0-301F-11D3-BF4B-00C04F79EFBC}") = "UTN.FRCU.ISI.TdP.AccountManager", "UTN.FRCU.ISI.TdP.AccountManager\UTN.FRCU.ISI.TdP.AccountManager.csproj", "{43BEBD0F-BCE3-415E-9FEF-184C5769EAF8}"
EndProject
Global
	GlobalSection(SolutionConfigurationPlatforms) = preSolution
		Debug|Any CPU = Debug|Any CPU
		Release|Any CPU = Release|Any CPU
	EndGlobalSection
	GlobalSection(ProjectConfigurationPlatforms) = postSolution
		{43BEBD0F-BCE3-415E-9FEF-184C5769EAF8}.Debug|Any CPU.ActiveCfg = Debug|Any CPU
		{43BEBD0F-BCE3-415E-9FEF-184C5769EAF8}.Debug|Any CPU.Build.0 = Debug|Any CPU
		{43BEBD0F-BCE3-415E-9FEF-184C5769EAF8}.Release|Any CPU.ActiveCfg = Release|Any CPU
		{43BEBD0F-BCE3-415E-9FEF-184C5769EAF8}.Release|Any CPU.Build.0 = Release|Any CPU
	EndGlobalSection
	GlobalSection(SolutionProperties) = preSolution
		HideSolutionNode = FALSE
	EndGlobalSection
	GlobalSection(ExtensibilityGlobals) = postSolution
		SolutionGuid = {56A42388-B462-46A1-9EDA-016168471D97}
	EndGlobalSection
EndGlobal
